importers:
  .:
    devDependencies:
      typescript: 3.5.3
    specifiers:
      typescript: 3.5.3
  package-a:
    dependencies:
      fp-ts: 1.15.0
      io-ts: 1.8.5
    devDependencies:
      typescript: 3.5.3
    specifiers:
      fp-ts: 1.15.0
      io-ts: 1.8.5
      typescript: 3.5.3
  package-b:
    dependencies:
      fp-ts: 1.15.0
      io-ts: 1.8.5
      package-a: 'link:../package-a'
    devDependencies:
      typescript: 3.5.3
    specifiers:
      fp-ts: 1.15.0
      io-ts: 1.8.5
      package-a: 1.0.0
      typescript: 3.5.3
lockfileVersion: 5.1
packages:
  /fp-ts/1.15.0:
    dev: false
    resolution:
      integrity: sha512-D0gnY9qnpifaqNABqSKjttOW4YVpAHK7I7hcstJllbyqS1GKzbQoAguZYr77DhXzIXnsJiqo65dCHJZq6ouxiQ==
  /io-ts/1.8.5:
    dependencies:
      fp-ts: 1.15.0
    dev: false
    resolution:
      integrity: sha512-4HzDeg7mTygFjFIKh7ajBSanoVaFryYSFI0ocdwndSWl3eWQXhg3wVR0WI+Li5Vq11TIsoIngQszVbN4dy//9A==
  /typescript/3.5.3:
    dev: true
    engines:
      node: '>=4.2.0'
    hasBin: true
    resolution:
      integrity: sha512-ACzBtm/PhXBDId6a6sDJfroT2pOWt/oOnk4/dElG5G33ZL776N3Y6/6bKZJBFpd+b05F3Ct9qDjMeJmRWtE2/g==
